// !$*UTF8*$!
{
	archiveVersion = 1;
	classes = {
	};
	objectVersion = 50;
	objects = {

/* Begin PBXBuildFile section */
		223F75432106A943007CD9B0 /* CategoryViewController.swift in Sources */ = {isa = PBXBuildFile; fileRef = 223F75422106A943007CD9B0 /* CategoryViewController.swift */; };
		223F7547210AB173007CD9B0 /* Item.swift in Sources */ = {isa = PBXBuildFile; fileRef = 223F7546210AB173007CD9B0 /* Item.swift */; };
		223F7549210AB17F007CD9B0 /* Category.swift in Sources */ = {isa = PBXBuildFile; fileRef = 223F7548210AB17F007CD9B0 /* Category.swift */; };
		223F754B2113E81B007CD9B0 /* SwipeTableViewController.swift in Sources */ = {isa = PBXBuildFile; fileRef = 223F754A2113E81B007CD9B0 /* SwipeTableViewController.swift */; };
		22DE2B4D20F1445500FF1367 /* AppDelegate.swift in Sources */ = {isa = PBXBuildFile; fileRef = 22DE2B4C20F1445500FF1367 /* AppDelegate.swift */; };
		22DE2B4F20F1445500FF1367 /* ToDoListViewController.swift in Sources */ = {isa = PBXBuildFile; fileRef = 22DE2B4E20F1445500FF1367 /* ToDoListViewController.swift */; };
		22DE2B5220F1445500FF1367 /* Main.storyboard in Resources */ = {isa = PBXBuildFile; fileRef = 22DE2B5020F1445500FF1367 /* Main.storyboard */; };
		22DE2B5420F1445D00FF1367 /* Assets.xcassets in Resources */ = {isa = PBXBuildFile; fileRef = 22DE2B5320F1445D00FF1367 /* Assets.xcassets */; };
		22DE2B5720F1445D00FF1367 /* LaunchScreen.storyboard in Resources */ = {isa = PBXBuildFile; fileRef = 22DE2B5520F1445D00FF1367 /* LaunchScreen.storyboard */; };
		8103A50B7AF7C023F8DF529E /* Pods_Todoey.framework in Frameworks */ = {isa = PBXBuildFile; fileRef = 459E438E2FB2F215F8889B26 /* Pods_Todoey.framework */; };
/* End PBXBuildFile section */

/* Begin PBXFileReference section */
		223F75422106A943007CD9B0 /* CategoryViewController.swift */ = {isa = PBXFileReference; lastKnownFileType = sourcecode.swift; path = CategoryViewController.swift; sourceTree = "<group>"; };
		223F7546210AB173007CD9B0 /* Item.swift */ = {isa = PBXFileReference; lastKnownFileType = sourcecode.swift; path = Item.swift; sourceTree = "<group>"; };
		223F7548210AB17F007CD9B0 /* Category.swift */ = {isa = PBXFileReference; lastKnownFileType = sourcecode.swift; path = Category.swift; sourceTree = "<group>"; };
		223F754A2113E81B007CD9B0 /* SwipeTableViewController.swift */ = {isa = PBXFileReference; lastKnownFileType = sourcecode.swift; path = SwipeTableViewController.swift; sourceTree = "<group>"; };
		22DE2B4920F1445500FF1367 /* Todoey.app */ = {isa = PBXFileReference; explicitFileType = wrapper.application; includeInIndex = 0; path = Todoey.app; sourceTree = BUILT_PRODUCTS_DIR; };
		22DE2B4C20F1445500FF1367 /* AppDelegate.swift */ = {isa = PBXFileReference; lastKnownFileType = sourcecode.swift; path = AppDelegate.swift; sourceTree = "<group>"; };
		22DE2B4E20F1445500FF1367 /* ToDoListViewController.swift */ = {isa = PBXFileReference; lastKnownFileType = sourcecode.swift; path = ToDoListViewController.swift; sourceTree = "<group>"; };
		22DE2B5120F1445500FF1367 /* Base */ = {isa = PBXFileReference; lastKnownFileType = file.storyboard; name = Base; path = Base.lproj/Main.storyboard; sourceTree = "<group>"; };
		22DE2B5320F1445D00FF1367 /* Assets.xcassets */ = {isa = PBXFileReference; lastKnownFileType = folder.assetcatalog; path = Assets.xcassets; sourceTree = "<group>"; };
		22DE2B5620F1445D00FF1367 /* Base */ = {isa = PBXFileReference; lastKnownFileType = file.storyboard; name = Base; path = Base.lproj/LaunchScreen.storyboard; sourceTree = "<group>"; };
		22DE2B5820F1445D00FF1367 /* Info.plist */ = {isa = PBXFileReference; lastKnownFileType = text.plist.xml; path = Info.plist; sourceTree = "<group>"; };
		459E438E2FB2F215F8889B26 /* Pods_Todoey.framework */ = {isa = PBXFileReference; explicitFileType = wrapper.framework; includeInIndex = 0; path = Pods_Todoey.framework; sourceTree = BUILT_PRODUCTS_DIR; };
		88522A54C58ACE6C6EDF8E7D /* Pods-Todoey.debug.xcconfig */ = {isa = PBXFileReference; includeInIndex = 1; lastKnownFileType = text.xcconfig; name = "Pods-Todoey.debug.xcconfig"; path = "Pods/Target Support Files/Pods-Todoey/Pods-Todoey.debug.xcconfig"; sourceTree = "<group>"; };
		C2587A08B60022B84A0A140A /* Pods-Todoey.release.xcconfig */ = {isa = PBXFileReference; includeInIndex = 1; lastKnownFileType = text.xcconfig; name = "Pods-Todoey.release.xcconfig"; path = "Pods/Target Support Files/Pods-Todoey/Pods-Todoey.release.xcconfig"; sourceTree = "<group>"; };
/* End PBXFileReference section */

/* Begin PBXFrameworksBuildPhase section */
		22DE2B4620F1445500FF1367 /* Frameworks */ = {
			isa = PBXFrameworksBuildPhase;
			buildActionMask = 2147483647;
			files = (
				8103A50B7AF7C023F8DF529E /* Pods_Todoey.framework in Frameworks */,
			);
			runOnlyForDeploymentPostprocessing = 0;
		};
/* End PBXFrameworksBuildPhase section */

/* Begin PBXGroup section */
		040BDCBB7910C11589F584F1 /* Pods */ = {
			isa = PBXGroup;
			children = (
				88522A54C58ACE6C6EDF8E7D /* Pods-Todoey.debug.xcconfig */,
				C2587A08B60022B84A0A140A /* Pods-Todoey.release.xcconfig */,
			);
			name = Pods;
			sourceTree = "<group>";
		};
		22D4728920F6C2C200CBCDED /* Data Model */ = {
			isa = PBXGroup;
			children = (
				223F7548210AB17F007CD9B0 /* Category.swift */,
				223F7546210AB173007CD9B0 /* Item.swift */,
			);
			path = "Data Model";
			sourceTree = "<group>";
		};
		22D4728A20F6C2F900CBCDED /* Controllers */ = {
			isa = PBXGroup;
			children = (
				223F75422106A943007CD9B0 /* CategoryViewController.swift */,
				22DE2B4E20F1445500FF1367 /* ToDoListViewController.swift */,
				223F754A2113E81B007CD9B0 /* SwipeTableViewController.swift */,
			);
			path = Controllers;
			sourceTree = "<group>";
		};
		22D4728B20F6C30200CBCDED /* Views */ = {
			isa = PBXGroup;
			children = (
				22DE2B5020F1445500FF1367 /* Main.storyboard */,
			);
			path = Views;
			sourceTree = "<group>";
		};
		22D4728C20F6C32600CBCDED /* Supporting Files */ = {
			isa = PBXGroup;
			children = (
				22DE2B5320F1445D00FF1367 /* Assets.xcassets */,
				22DE2B5520F1445D00FF1367 /* LaunchScreen.storyboard */,
			);
			path = "Supporting Files";
			sourceTree = "<group>";
		};
		22DE2B4020F1445500FF1367 = {
			isa = PBXGroup;
			children = (
				22DE2B4B20F1445500FF1367 /* Todoey */,
				22DE2B4A20F1445500FF1367 /* Products */,
				040BDCBB7910C11589F584F1 /* Pods */,
				E1BAA4D245622675E9BF079A /* Frameworks */,
			);
			sourceTree = "<group>";
		};
		22DE2B4A20F1445500FF1367 /* Products */ = {
			isa = PBXGroup;
			children = (
				22DE2B4920F1445500FF1367 /* Todoey.app */,
			);
			name = Products;
			sourceTree = "<group>";
		};
		22DE2B4B20F1445500FF1367 /* Todoey */ = {
			isa = PBXGroup;
			children = (
				22DE2B4C20F1445500FF1367 /* AppDelegate.swift */,
				22D4728A20F6C2F900CBCDED /* Controllers */,
				22D4728920F6C2C200CBCDED /* Data Model */,
				22D4728B20F6C30200CBCDED /* Views */,
				22D4728C20F6C32600CBCDED /* Supporting Files */,
				22DE2B5820F1445D00FF1367 /* Info.plist */,
			);
			path = Todoey;
			sourceTree = "<group>";
		};
		E1BAA4D245622675E9BF079A /* Frameworks */ = {
			isa = PBXGroup;
			children = (
				459E438E2FB2F215F8889B26 /* Pods_Todoey.framework */,
			);
			name = Frameworks;
			sourceTree = "<group>";
		};
/* End PBXGroup section */

/* Begin PBXNativeTarget section */
		22DE2B4820F1445500FF1367 /* Todoey */ = {
			isa = PBXNativeTarget;
			buildConfigurationList = 22DE2B5B20F1445D00FF1367 /* Build configuration list for PBXNativeTarget "Todoey" */;
			buildPhases = (
				0E9364B1BA3498CE909F173E /* [CP] Check Pods Manifest.lock */,
				22DE2B4520F1445500FF1367 /* Sources */,
				22DE2B4620F1445500FF1367 /* Frameworks */,
				22DE2B4720F1445500FF1367 /* Resources */,
				4EAFABF19067402990AE7132 /* [CP] Embed Pods Frameworks */,
			);
			buildRules = (
			);
			dependencies = (
			);
			name = Todoey;
			productName = Todoey;
			productReference = 22DE2B4920F1445500FF1367 /* Todoey.app */;
			productType = "com.apple.product-type.application";
		};
/* End PBXNativeTarget section */

/* Begin PBXProject section */
		22DE2B4120F1445500FF1367 /* Project object */ = {
			isa = PBXProject;
			attributes = {
				LastSwiftUpdateCheck = 0930;
				LastUpgradeCheck = 0930;
				ORGANIZATIONNAME = "Justin Hollis";
				TargetAttributes = {
					22DE2B4820F1445500FF1367 = {
						CreatedOnToolsVersion = 9.3.1;
					};
				};
			};
			buildConfigurationList = 22DE2B4420F1445500FF1367 /* Build configuration list for PBXProject "Todoey" */;
			compatibilityVersion = "Xcode 9.3";
			developmentRegion = en;
			hasScannedForEncodings = 0;
			knownRegions = (
				en,
				Base,
			);
			mainGroup = 22DE2B4020F1445500FF1367;
			productRefGroup = 22DE2B4A20F1445500FF1367 /* Products */;
			projectDirPath = "";
			projectRoot = "";
			targets = (
				22DE2B4820F1445500FF1367 /* Todoey */,
			);
		};
/* End PBXProject section */

/* Begin PBXResourcesBuildPhase section */
		22DE2B4720F1445500FF1367 /* Resources */ = {
			isa = PBXResourcesBuildPhase;
			buildActionMask = 2147483647;
			files = (
				22DE2B5720F1445D00FF1367 /* LaunchScreen.storyboard in Resources */,
				22DE2B5420F1445D00FF1367 /* Assets.xcassets in Resources */,
				22DE2B5220F1445500FF1367 /* Main.storyboard in Resources */,
			);
			runOnlyForDeploymentPostprocessing = 0;
		};
/* End PBXResourcesBuildPhase section */

/* Begin PBXShellScriptBuildPhase section */
		0E9364B1BA3498CE909F173E /* [CP] Check Pods Manifest.lock */ = {
			isa = PBXShellScriptBuildPhase;
			buildActionMask = 2147483647;
			files = (
			);
			inputPaths = (
				"${PODS_PODFILE_DIR_PATH}/Podfile.lock",
				"${PODS_ROOT}/Manifest.lock",
			);
			name = "[CP] Check Pods Manifest.lock";
			outputPaths = (
				"$(DERIVED_FILE_DIR)/Pods-Todoey-checkManifestLockResult.txt",
			);
			runOnlyForDeploymentPostprocessing = 0;
			shellPath = /bin/sh;
			shellScript = "diff \"${PODS_PODFILE_DIR_PATH}/Podfile.lock\" \"${PODS_ROOT}/Manifest.lock\" > /dev/null\nif [ $? != 0 ] ; then\n    # print error to STDERR\n    echo \"error: The sandbox is not in sync with the Podfile.lock. Run 'pod install' or update your CocoaPods installation.\" >&2\n    exit 1\nfi\n# This output is used by Xcode 'outputs' to avoid re-running this script phase.\necho \"SUCCESS\" > \"${SCRIPT_OUTPUT_FILE_0}\"\n";
			showEnvVarsInLog = 0;
		};
		4EAFABF19067402990AE7132 /* [CP] Embed Pods Frameworks */ = {
			isa = PBXShellScriptBuildPhase;
			buildActionMask = 2147483647;
			files = (
			);
			inputPaths = (
				"${SRCROOT}/Pods/Target Support Files/Pods-Todoey/Pods-Todoey-frameworks.sh",
				"${BUILT_PRODUCTS_DIR}/Realm/Realm.framework",
				"${BUILT_PRODUCTS_DIR}/RealmSwift/RealmSwift.framework",
				"${BUILT_PRODUCTS_DIR}/SwipeCellKit/SwipeCellKit.framework",
			);
			name = "[CP] Embed Pods Frameworks";
			outputPaths = (
				"${TARGET_BUILD_DIR}/${FRAMEWORKS_FOLDER_PATH}/Realm.framework",
				"${TARGET_BUILD_DIR}/${FRAMEWORKS_FOLDER_PATH}/RealmSwift.framework",
				"${TARGET_BUILD_DIR}/${FRAMEWORKS_FOLDER_PATH}/SwipeCellKit.framework",
			);
			runOnlyForDeploymentPostprocessing = 0;
			shellPath = /bin/sh;
			shellScript = "\"${SRCROOT}/Pods/Target Support Files/Pods-Todoey/Pods-Todoey-frameworks.sh\"\n";
			showEnvVarsInLog = 0;
		};
/* End PBXShellScriptBuildPhase section */

/* Begin PBXSourcesBuildPhase section */
		22DE2B4520F1445500FF1367 /* Sources */ = {
			isa = PBXSourcesBuildPhase;
			buildActionMask = 2147483647;
			files = (
				223F7547210AB173007CD9B0 /* Item.swift in Sources */,
				223F75432106A943007CD9B0 /* CategoryViewController.swift in Sources */,
				22DE2B4F20F1445500FF1367 /* ToDoListViewController.swift in Sources */,
				22DE2B4D20F1445500FF1367 /* AppDelegate.swift in Sources */,
				223F754B2113E81B007CD9B0 /* SwipeTableViewController.swift in Sources */,
				223F7549210AB17F007CD9B0 /* Category.swift in Sources */,
			);
			runOnlyForDeploymentPostprocessing = 0;
		};
/* End PBXSourcesBuildPhase section */

/* Begin PBXVariantGroup section */
		22DE2B5020F1445500FF1367 /* Main.storyboard */ = {
			isa = PBXVariantGroup;
			children = (
				22DE2B5120F1445500FF1367 /* Base */,
			);
			name = Main.storyboard;
			sourceTree = "<group>";
		};
		22DE2B5520F1445D00FF1367 /* LaunchScreen.storyboard */ = {
			isa = PBXVariantGroup;
			children = (
				22DE2B5620F1445D00FF1367 /* Base */,
			);
			name = LaunchScreen.storyboard;
			sourceTree = "<group>";
		};
/* End PBXVariantGroup section */

/* Begin XCBuildConfiguration section */
		22DE2B5920F1445D00FF1367 /* Debug */ = {
			isa = XCBuildConfiguration;
			buildSettings = {
				ALWAYS_SEARCH_USER_PATHS = NO;
				CLANG_ANALYZER_NONNULL = YES;
				CLANG_ANALYZER_NUMBER_OBJECT_CONVERSION = YES_AGGRESSIVE;
				CLANG_CXX_LANGUAGE_STANDARD = "gnu++14";
				CLANG_CXX_LIBRARY = "libc++";
				CLANG_ENABLE_MODULES = YES;
				CLANG_ENABLE_OBJC_ARC = YES;
				CLANG_ENABLE_OBJC_WEAK = YES;
				CLANG_WARN_BLOCK_CAPTURE_AUTORELEASING = YES;
				CLANG_WARN_BOOL_CONVERSION = YES;
				CLANG_WARN_COMMA = YES;
				CLANG_WARN_CONSTANT_CONVERSION = YES;
				CLANG_WARN_DEPRECATED_OBJC_IMPLEMENTATIONS = YES;
				CLANG_WARN_DIRECT_OBJC_ISA_USAGE = YES_ERROR;
				CLANG_WARN_DOCUMENTATION_COMMENTS = YES;
				CLANG_WARN_EMPTY_BODY = YES;
				CLANG_WARN_ENUM_CONVERSION = YES;
				CLANG_WARN_INFINITE_RECURSION = YES;
				CLANG_WARN_INT_CONVERSION = YES;
				CLANG_WARN_NON_LITERAL_NULL_CONVERSION = YES;
				CLANG_WARN_OBJC_IMPLICIT_RETAIN_SELF = YES;
				CLANG_WARN_OBJC_LITERAL_CONVERSION = YES;
				CLANG_WARN_OBJC_ROOT_CLASS = YES_ERROR;
				CLANG_WARN_RANGE_LOOP_ANALYSIS = YES;
				CLANG_WARN_STRICT_PROTOTYPES = YES;
				CLANG_WARN_SUSPICIOUS_MOVE = YES;
				CLANG_WARN_UNGUARDED_AVAILABILITY = YES_AGGRESSIVE;
				CLANG_WARN_UNREACHABLE_CODE = YES;
				CLANG_WARN__DUPLICATE_METHOD_MATCH = YES;
				CODE_SIGN_IDENTITY = "iPhone Developer";
				COPY_PHASE_STRIP = NO;
				DEBUG_INFORMATION_FORMAT = dwarf;
				ENABLE_STRICT_OBJC_MSGSEND = YES;
				ENABLE_TESTABILITY = YES;
				GCC_C_LANGUAGE_STANDARD = gnu11;
				GCC_DYNAMIC_NO_PIC = NO;
				GCC_NO_COMMON_BLOCKS = YES;
				GCC_OPTIMIZATION_LEVEL = 0;
				GCC_PREPROCESSOR_DEFINITIONS = (
					"DEBUG=1",
					"$(inherited)",
				);
				GCC_WARN_64_TO_32_BIT_CONVERSION = YES;
				GCC_WARN_ABOUT_RETURN_TYPE = YES_ERROR;
				GCC_WARN_UNDECLARED_SELECTOR = YES;
				GCC_WARN_UNINITIALIZED_AUTOS = YES_AGGRESSIVE;
				GCC_WARN_UNUSED_FUNCTION = YES;
				GCC_WARN_UNUSED_VARIABLE = YES;
				IPHONEOS_DEPLOYMENT_TARGET = 11.3;
				MTL_ENABLE_DEBUG_INFO = YES;
				ONLY_ACTIVE_ARCH = YES;
				SDKROOT = iphoneos;
				SWIFT_ACTIVE_COMPILATION_CONDITIONS = DEBUG;
				SWIFT_OPTIMIZATION_LEVEL = "-Onone";
			};
			name = Debug;
		};
		22DE2B5A20F1445D00FF1367 /* Release */ = {
			isa = XCBuildConfiguration;
			buildSettings = {
				ALWAYS_SEARCH_USER_PATHS = NO;
				CLANG_ANALYZER_NONNULL = YES;
				CLANG_ANALYZER_NUMBER_OBJECT_CONVERSION = YES_AGGRESSIVE;
				CLANG_CXX_LANGUAGE_STANDARD = "gnu++14";
				CLANG_CXX_LIBRARY = "libc++";
				CLANG_ENABLE_MODULES = YES;
				CLANG_ENABLE_OBJC_ARC = YES;
				CLANG_ENABLE_OBJC_WEAK = YES;
				CLANG_WARN_BLOCK_CAPTURE_AUTORELEASING = YES;
				CLANG_WARN_BOOL_CONVERSION = YES;
				CLANG_WARN_COMMA = YES;
				CLANG_WARN_CONSTANT_CONVERSION = YES;
				CLANG_WARN_DEPRECATED_OBJC_IMPLEMENTATIONS = YES;
				CLANG_WARN_DIRECT_OBJC_ISA_USAGE = YES_ERROR;
				CLANG_WARN_DOCUMENTATION_COMMENTS = YES;
				CLANG_WARN_EMPTY_BODY = YES;
				CLANG_WARN_ENUM_CONVERSION = YES;
				CLANG_WARN_INFINITE_RECURSION = YES;
				CLANG_WARN_INT_CONVERSION = YES;
				CLANG_WARN_NON_LITERAL_NULL_CONVERSION = YES;
				CLANG_WARN_OBJC_IMPLICIT_RETAIN_SELF = YES;
				CLANG_WARN_OBJC_LITERAL_CONVERSION = YES;
				CLANG_WARN_OBJC_ROOT_CLASS = YES_ERROR;
				CLANG_WARN_RANGE_LOOP_ANALYSIS = YES;
				CLANG_WARN_STRICT_PROTOTYPES = YES;
				CLANG_WARN_SUSPICIOUS_MOVE = YES;
				CLANG_WARN_UNGUARDED_AVAILABILITY = YES_AGGRESSIVE;
				CLANG_WARN_UNREACHABLE_CODE = YES;
				CLANG_WARN__DUPLICATE_METHOD_MATCH = YES;
				CODE_SIGN_IDENTITY = "iPhone Developer";
				COPY_PHASE_STRIP = NO;
				DEBUG_INFORMATION_FORMAT = "dwarf-with-dsym";
				ENABLE_NS_ASSERTIONS = NO;
				ENABLE_STRICT_OBJC_MSGSEND = YES;
				GCC_C_LANGUAGE_STANDARD = gnu11;
				GCC_NO_COMMON_BLOCKS = YES;
				GCC_WARN_64_TO_32_BIT_CONVERSION = YES;
				GCC_WARN_ABOUT_RETURN_TYPE = YES_ERROR;
				GCC_WARN_UNDECLARED_SELECTOR = YES;
				GCC_WARN_UNINITIALIZED_AUTOS = YES_AGGRESSIVE;
				GCC_WARN_UNUSED_FUNCTION = YES;
				GCC_WARN_UNUSED_VARIABLE = YES;
				IPHONEOS_DEPLOYMENT_TARGET = 11.3;
				MTL_ENABLE_DEBUG_INFO = NO;
				SDKROOT = iphoneos;
				SWIFT_COMPILATION_MODE = wholemodule;
				SWIFT_OPTIMIZATION_LEVEL = "-O";
				VALIDATE_PRODUCT = YES;
			};
			name = Release;
		};
		22DE2B5C20F1445D00FF1367 /* Debug */ = {
			isa = XCBuildConfiguration;
			baseConfigurationReference = 88522A54C58ACE6C6EDF8E7D /* Pods-Todoey.debug.xcconfig */;
			buildSettings = {
				ASSETCATALOG_COMPILER_APPICON_NAME = AppIcon;
				CODE_SIGN_STYLE = Automatic;
				DEVELOPMENT_TEAM = ZAVZ2D9H36;
				INFOPLIST_FILE = Todoey/Info.plist;
				LD_RUNPATH_SEARCH_PATHS = (
					"$(inherited)",
					"@executable_path/Frameworks",
				);
				PRODUCT_BUNDLE_IDENTIFIER = com.jhollis.Todoey;
				PRODUCT_NAME = "$(TARGET_NAME)";
				SWIFT_VERSION = 4.0;
				TARGETED_DEVICE_FAMILY = "1,2";
			};
			name = Debug;
		};
		22DE2B5D20F1445D00FF1367 /* Release */ = {
			isa = XCBuildConfiguration;
			baseConfigurationReference = C2587A08B60022B84A0A140A /* Pods-Todoey.release.xcconfig */;
			buildSettings = {
				ASSETCATALOG_COMPILER_APPICON_NAME = AppIcon;
				CODE_SIGN_STYLE = Automatic;
				DEVELOPMENT_TEAM = ZAVZ2D9H36;
				INFOPLIST_FILE = Todoey/Info.plist;
				LD_RUNPATH_SEARCH_PATHS = (
					"$(inherited)",
					"@executable_path/Frameworks",
				);
				PRODUCT_BUNDLE_IDENTIFIER = com.jhollis.Todoey;
				PRODUCT_NAME = "$(TARGET_NAME)";
				SWIFT_VERSION = 4.0;
				TARGETED_DEVICE_FAMILY = "1,2";
			};
			name = Release;
		};
/* End XCBuildConfiguration section */

/* Begin XCConfigurationList section */
		22DE2B4420F1445500FF1367 /* Build configuration list for PBXProject "Todoey" */ = {
			isa = XCConfigurationList;
			buildConfigurations = (
				22DE2B5920F1445D00FF1367 /* Debug */,
				22DE2B5A20F1445D00FF1367 /* Release */,
			);
			defaultConfigurationIsVisible = 0;
			defaultConfigurationName = Release;
		};
		22DE2B5B20F1445D00FF1367 /* Build configuration list for PBXNativeTarget "Todoey" */ = {
			isa = XCConfigurationList;
			buildConfigurations = (
				22DE2B5C20F1445D00FF1367 /* Debug */,
				22DE2B5D20F1445D00FF1367 /* Release */,
			);
			defaultConfigurationIsVisible = 0;
			defaultConfigurationName = Release;
		};
/* End XCConfigurationList section */
	};
	rootObject = 22DE2B4120F1445500FF1367 /* Project object */;
}
